
Microsoft Visual Studio Solution File, Format Version 12.00
# Visual Studio 15
VisualStudioVersion = 15.0.28307.136
MinimumVisualStudioVersion = 10.0.40219.1
Project("{FAE04EC0-301F-11D3-BF4B-00C04F79EFBC}") = "WebApplication6", "WebApplication6\WebApplication6.csproj", "{23B7FEE5-E846-4531-BAAA-F9D71E8D2E22}"
EndProject
Global
	GlobalSection(SolutionConfigurationPlatforms) = preSolution
		Debug|Any CPU = Debug|Any CPU
		Release|Any CPU = Release|Any CPU
	EndGlobalSection
	GlobalSection(ProjectConfigurationPlatforms) = postSolution
		{23B7FEE5-E846-4531-BAAA-F9D71E8D2E22}.Debug|Any CPU.ActiveCfg = Debug|Any CPU
		{23B7FEE5-E846-4531-BAAA-F9D71E8D2E22}.Debug|Any CPU.Build.0 = Debug|Any CPU
		{23B7FEE5-E846-4531-BAAA-F9D71E8D2E22}.Release|Any CPU.ActiveCfg = Release|Any CPU
		{23B7FEE5-E846-4531-BAAA-F9D71E8D2E22}.Release|Any CPU.Build.0 = Release|Any CPU
	EndGlobalSection
	GlobalSection(SolutionProperties) = preSolution
		HideSolutionNode = FALSE
	EndGlobalSection
	GlobalSection(ExtensibilityGlobals) = postSolution
		SolutionGuid = {009D76BA-D9DD-4540-B8AC-0F90671BE8F3}
	EndGlobalSection
EndGlobal
